
Microsoft Visual Studio Solution File, Format Version 12.00
# Visual Studio Version 16
VisualStudioVersion = 16.0.29709.97
MinimumVisualStudioVersion = 10.0.40219.1
Project("{FAE04EC0-301F-11D3-BF4B-00C04F79EFBC}") = "EvolentHealth.Contact.Service", "EvolentHealth.Contact.Service\EvolentHealth.Contact.Service.csproj", "{4997E16A-4934-45D2-833C-599814CB13A6}"
EndProject
Global
	GlobalSection(SolutionConfigurationPlatforms) = preSolution
		Debug|Any CPU = Debug|Any CPU
		Release|Any CPU = Release|Any CPU
	EndGlobalSection
	GlobalSection(ProjectConfigurationPlatforms) = postSolution
		{4997E16A-4934-45D2-833C-599814CB13A6}.Debug|Any CPU.ActiveCfg = Debug|Any CPU
		{4997E16A-4934-45D2-833C-599814CB13A6}.Debug|Any CPU.Build.0 = Debug|Any CPU
		{4997E16A-4934-45D2-833C-599814CB13A6}.Release|Any CPU.ActiveCfg = Release|Any CPU
		{4997E16A-4934-45D2-833C-599814CB13A6}.Release|Any CPU.Build.0 = Release|Any CPU
	EndGlobalSection
	GlobalSection(SolutionProperties) = preSolution
		HideSolutionNode = FALSE
	EndGlobalSection
	GlobalSection(ExtensibilityGlobals) = postSolution
		SolutionGuid = {9333DFC1-E0B4-44B6-9098-BB0F2D7E43C7}
	EndGlobalSection
EndGlobal
